
Microsoft Visual Studio Solution File, Format Version 12.00
# Visual Studio 15
VisualStudioVersion = 15.0.25914.0
MinimumVisualStudioVersion = 10.0.40219.1
Project("{FAE04EC0-301F-11D3-BF4B-00C04F79EFBC}") = "WPFNotepadTest", "WPFNotepadTest\WPFNotepadTest.csproj", "{B0661160-8397-46F0-B8F9-0FDDB205DE4D}"
EndProject
Global
	GlobalSection(SolutionConfigurationPlatforms) = preSolution
		Debug|Any CPU = Debug|Any CPU
		Release|Any CPU = Release|Any CPU
	EndGlobalSection
	GlobalSection(ProjectConfigurationPlatforms) = postSolution
		{B0661160-8397-46F0-B8F9-0FDDB205DE4D}.Debug|Any CPU.ActiveCfg = Debug|Any CPU
		{B0661160-8397-46F0-B8F9-0FDDB205DE4D}.Debug|Any CPU.Build.0 = Debug|Any CPU
		{B0661160-8397-46F0-B8F9-0FDDB205DE4D}.Release|Any CPU.ActiveCfg = Release|Any CPU
		{B0661160-8397-46F0-B8F9-0FDDB205DE4D}.Release|Any CPU.Build.0 = Release|Any CPU
	EndGlobalSection
	GlobalSection(SolutionProperties) = preSolution
		HideSolutionNode = FALSE
	EndGlobalSection
EndGlobal
