
Microsoft Visual Studio Solution File, Format Version 12.00
# Visual Studio 15
VisualStudioVersion = 15.0.27130.2027
MinimumVisualStudioVersion = 10.0.40219.1
Project("{FAE04EC0-301F-11D3-BF4B-00C04F79EFBC}") = "StickyNotesTest", "StickyNotesTest.csproj", "{9ED00387-C536-4AD7-9228-9FB87D3A2FD7}"
EndProject
Global
	GlobalSection(SolutionConfigurationPlatforms) = preSolution
		Debug|Any CPU = Debug|Any CPU
		Release|Any CPU = Release|Any CPU
	EndGlobalSection
	GlobalSection(ProjectConfigurationPlatforms) = postSolution
		{9ED00387-C536-4AD7-9228-9FB87D3A2FD7}.Debug|Any CPU.ActiveCfg = Debug|Any CPU
		{9ED00387-C536-4AD7-9228-9FB87D3A2FD7}.Debug|Any CPU.Build.0 = Debug|Any CPU
		{9ED00387-C536-4AD7-9228-9FB87D3A2FD7}.Release|Any CPU.ActiveCfg = Release|Any CPU
		{9ED00387-C536-4AD7-9228-9FB87D3A2FD7}.Release|Any CPU.Build.0 = Release|Any CPU
	EndGlobalSection
	GlobalSection(SolutionProperties) = preSolution
		HideSolutionNode = FALSE
	EndGlobalSection
	GlobalSection(ExtensibilityGlobals) = postSolution
		SolutionGuid = {CB5C6371-2720-46EF-9125-DA145F5DD82F}
	EndGlobalSection
EndGlobal
