
Microsoft Visual Studio Solution File, Format Version 12.00
# Visual Studio 14
VisualStudioVersion = 14.0.23107.0
MinimumVisualStudioVersion = 10.0.40219.1
Project("{FAE04EC0-301F-11D3-BF4B-00C04F79EFBC}") = "CalculatorTest", "CalculatorTest.csproj", "{B2C5ADFF-D6B5-48C1-BB8C-571BFD583D7F}"
EndProject
Global
	GlobalSection(SolutionConfigurationPlatforms) = preSolution
		Debug|Any CPU = Debug|Any CPU
		Release|Any CPU = Release|Any CPU
	EndGlobalSection
	GlobalSection(ProjectConfigurationPlatforms) = postSolution
		{B2C5ADFF-D6B5-48C1-BB8C-571BFD583D7F}.Debug|Any CPU.ActiveCfg = Debug|Any CPU
		{B2C5ADFF-D6B5-48C1-BB8C-571BFD583D7F}.Debug|Any CPU.Build.0 = Debug|Any CPU
		{B2C5ADFF-D6B5-48C1-BB8C-571BFD583D7F}.Release|Any CPU.ActiveCfg = Release|Any CPU
		{B2C5ADFF-D6B5-48C1-BB8C-571BFD583D7F}.Release|Any CPU.Build.0 = Release|Any CPU
	EndGlobalSection
	GlobalSection(SolutionProperties) = preSolution
		HideSolutionNode = FALSE
	EndGlobalSection
EndGlobal
