
Microsoft Visual Studio Solution File, Format Version 12.00
# Visual Studio 15
VisualStudioVersion = 15.0.27703.2035
MinimumVisualStudioVersion = 10.0.40219.1
Project("{FAE04EC0-301F-11D3-BF4B-00C04F79EFBC}") = "Paint3DTest", "Paint3DTest.csproj", "{98E13E3A-A110-4694-BFA7-3F4E8CC173A4}"
EndProject
Global
	GlobalSection(SolutionConfigurationPlatforms) = preSolution
		Debug|Any CPU = Debug|Any CPU
		Release|Any CPU = Release|Any CPU
	EndGlobalSection
	GlobalSection(ProjectConfigurationPlatforms) = postSolution
		{98E13E3A-A110-4694-BFA7-3F4E8CC173A4}.Debug|Any CPU.ActiveCfg = Debug|Any CPU
		{98E13E3A-A110-4694-BFA7-3F4E8CC173A4}.Debug|Any CPU.Build.0 = Debug|Any CPU
		{98E13E3A-A110-4694-BFA7-3F4E8CC173A4}.Release|Any CPU.ActiveCfg = Release|Any CPU
		{98E13E3A-A110-4694-BFA7-3F4E8CC173A4}.Release|Any CPU.Build.0 = Release|Any CPU
	EndGlobalSection
	GlobalSection(SolutionProperties) = preSolution
		HideSolutionNode = FALSE
	EndGlobalSection
	GlobalSection(ExtensibilityGlobals) = postSolution
		SolutionGuid = {224533C9-3B8E-48D8-B7CD-940357E4EED6}
	EndGlobalSection
EndGlobal
