
Microsoft Visual Studio Solution File, Format Version 12.00
# Visual Studio 15
VisualStudioVersion = 15.0.27703.2035
MinimumVisualStudioVersion = 10.0.40219.1
Project("{FAE04EC0-301F-11D3-BF4B-00C04F79EFBC}") = "PaintTest", "PaintTest.csproj", "{75FD12B5-F371-4C03-8F60-439144865AF8}"
EndProject
Global
	GlobalSection(SolutionConfigurationPlatforms) = preSolution
		Debug|Any CPU = Debug|Any CPU
		Release|Any CPU = Release|Any CPU
	EndGlobalSection
	GlobalSection(ProjectConfigurationPlatforms) = postSolution
		{75FD12B5-F371-4C03-8F60-439144865AF8}.Debug|Any CPU.ActiveCfg = Debug|Any CPU
		{75FD12B5-F371-4C03-8F60-439144865AF8}.Debug|Any CPU.Build.0 = Debug|Any CPU
		{75FD12B5-F371-4C03-8F60-439144865AF8}.Release|Any CPU.ActiveCfg = Release|Any CPU
		{75FD12B5-F371-4C03-8F60-439144865AF8}.Release|Any CPU.Build.0 = Release|Any CPU
	EndGlobalSection
	GlobalSection(SolutionProperties) = preSolution
		HideSolutionNode = FALSE
	EndGlobalSection
	GlobalSection(ExtensibilityGlobals) = postSolution
		SolutionGuid = {AF04FDF9-06D1-4320-BCE5-1DEED1DAF27F}
	EndGlobalSection
EndGlobal
